
Microsoft Visual Studio Solution File, Format Version 12.00
# Visual Studio 15
VisualStudioVersion = 15.0.26124.0
MinimumVisualStudioVersion = 15.0.26124.0
Project("{F2A71F9B-5D33-465A-A702-920D77279786}") = "day01", "01\day01.fsproj", "{487AE866-F0A0-4A10-BB77-E1CBE6922113}"
EndProject
Project("{F2A71F9B-5D33-465A-A702-920D77279786}") = "day02", "02\day02.fsproj", "{DC7A2A6E-08E9-4410-A91E-51806A65B537}"
EndProject
Project("{F2A71F9B-5D33-465A-A702-920D77279786}") = "day03", "03\day03.fsproj", "{3A31D80E-56AF-490F-B407-28B783D5EBE3}"
EndProject
Project("{F2A71F9B-5D33-465A-A702-920D77279786}") = "day04", "04\day04.fsproj", "{6221717A-0950-41D7-9649-AE0CB1E24300}"
EndProject
Project("{F2A71F9B-5D33-465A-A702-920D77279786}") = "day05", "05\day05.fsproj", "{A755829E-CD04-47C0-B846-90B4E5BA9A56}"
EndProject
Project("{F2A71F9B-5D33-465A-A702-920D77279786}") = "day06", "06\day06.fsproj", "{AA3CE652-9CE9-4EAF-B0B5-CFEC43BF9A53}"
EndProject
Global
	GlobalSection(SolutionConfigurationPlatforms) = preSolution
		Debug|Any CPU = Debug|Any CPU
		Debug|x64 = Debug|x64
		Debug|x86 = Debug|x86
		Release|Any CPU = Release|Any CPU
		Release|x64 = Release|x64
		Release|x86 = Release|x86
	EndGlobalSection
	GlobalSection(SolutionProperties) = preSolution
		HideSolutionNode = FALSE
	EndGlobalSection
	GlobalSection(ProjectConfigurationPlatforms) = postSolution
		{487AE866-F0A0-4A10-BB77-E1CBE6922113}.Debug|Any CPU.ActiveCfg = Debug|Any CPU
		{487AE866-F0A0-4A10-BB77-E1CBE6922113}.Debug|Any CPU.Build.0 = Debug|Any CPU
		{487AE866-F0A0-4A10-BB77-E1CBE6922113}.Debug|x64.ActiveCfg = Debug|Any CPU
		{487AE866-F0A0-4A10-BB77-E1CBE6922113}.Debug|x64.Build.0 = Debug|Any CPU
		{487AE866-F0A0-4A10-BB77-E1CBE6922113}.Debug|x86.ActiveCfg = Debug|Any CPU
		{487AE866-F0A0-4A10-BB77-E1CBE6922113}.Debug|x86.Build.0 = Debug|Any CPU
		{487AE866-F0A0-4A10-BB77-E1CBE6922113}.Release|Any CPU.ActiveCfg = Release|Any CPU
		{487AE866-F0A0-4A10-BB77-E1CBE6922113}.Release|Any CPU.Build.0 = Release|Any CPU
		{487AE866-F0A0-4A10-BB77-E1CBE6922113}.Release|x64.ActiveCfg = Release|Any CPU
		{487AE866-F0A0-4A10-BB77-E1CBE6922113}.Release|x64.Build.0 = Release|Any CPU
		{487AE866-F0A0-4A10-BB77-E1CBE6922113}.Release|x86.ActiveCfg = Release|Any CPU
		{487AE866-F0A0-4A10-BB77-E1CBE6922113}.Release|x86.Build.0 = Release|Any CPU
		{DC7A2A6E-08E9-4410-A91E-51806A65B537}.Debug|Any CPU.ActiveCfg = Debug|Any CPU
		{DC7A2A6E-08E9-4410-A91E-51806A65B537}.Debug|Any CPU.Build.0 = Debug|Any CPU
		{DC7A2A6E-08E9-4410-A91E-51806A65B537}.Debug|x64.ActiveCfg = Debug|Any CPU
		{DC7A2A6E-08E9-4410-A91E-51806A65B537}.Debug|x64.Build.0 = Debug|Any CPU
		{DC7A2A6E-08E9-4410-A91E-51806A65B537}.Debug|x86.ActiveCfg = Debug|Any CPU
		{DC7A2A6E-08E9-4410-A91E-51806A65B537}.Debug|x86.Build.0 = Debug|Any CPU
		{DC7A2A6E-08E9-4410-A91E-51806A65B537}.Release|Any CPU.ActiveCfg = Release|Any CPU
		{DC7A2A6E-08E9-4410-A91E-51806A65B537}.Release|Any CPU.Build.0 = Release|Any CPU
		{DC7A2A6E-08E9-4410-A91E-51806A65B537}.Release|x64.ActiveCfg = Release|Any CPU
		{DC7A2A6E-08E9-4410-A91E-51806A65B537}.Release|x64.Build.0 = Release|Any CPU
		{DC7A2A6E-08E9-4410-A91E-51806A65B537}.Release|x86.ActiveCfg = Release|Any CPU
		{DC7A2A6E-08E9-4410-A91E-51806A65B537}.Release|x86.Build.0 = Release|Any CPU
		{3A31D80E-56AF-490F-B407-28B783D5EBE3}.Debug|Any CPU.ActiveCfg = Debug|Any CPU
		{3A31D80E-56AF-490F-B407-28B783D5EBE3}.Debug|Any CPU.Build.0 = Debug|Any CPU
		{3A31D80E-56AF-490F-B407-28B783D5EBE3}.Debug|x64.ActiveCfg = Debug|Any CPU
		{3A31D80E-56AF-490F-B407-28B783D5EBE3}.Debug|x64.Build.0 = Debug|Any CPU
		{3A31D80E-56AF-490F-B407-28B783D5EBE3}.Debug|x86.ActiveCfg = Debug|Any CPU
		{3A31D80E-56AF-490F-B407-28B783D5EBE3}.Debug|x86.Build.0 = Debug|Any CPU
		{3A31D80E-56AF-490F-B407-28B783D5EBE3}.Release|Any CPU.ActiveCfg = Release|Any CPU
		{3A31D80E-56AF-490F-B407-28B783D5EBE3}.Release|Any CPU.Build.0 = Release|Any CPU
		{3A31D80E-56AF-490F-B407-28B783D5EBE3}.Release|x64.ActiveCfg = Release|Any CPU
		{3A31D80E-56AF-490F-B407-28B783D5EBE3}.Release|x64.Build.0 = Release|Any CPU
		{3A31D80E-56AF-490F-B407-28B783D5EBE3}.Release|x86.ActiveCfg = Release|Any CPU
		{3A31D80E-56AF-490F-B407-28B783D5EBE3}.Release|x86.Build.0 = Release|Any CPU
		{6221717A-0950-41D7-9649-AE0CB1E24300}.Debug|Any CPU.ActiveCfg = Debug|Any CPU
		{6221717A-0950-41D7-9649-AE0CB1E24300}.Debug|Any CPU.Build.0 = Debug|Any CPU
		{6221717A-0950-41D7-9649-AE0CB1E24300}.Debug|x64.ActiveCfg = Debug|Any CPU
		{6221717A-0950-41D7-9649-AE0CB1E24300}.Debug|x64.Build.0 = Debug|Any CPU
		{6221717A-0950-41D7-9649-AE0CB1E24300}.Debug|x86.ActiveCfg = Debug|Any CPU
		{6221717A-0950-41D7-9649-AE0CB1E24300}.Debug|x86.Build.0 = Debug|Any CPU
		{6221717A-0950-41D7-9649-AE0CB1E24300}.Release|Any CPU.ActiveCfg = Release|Any CPU
		{6221717A-0950-41D7-9649-AE0CB1E24300}.Release|Any CPU.Build.0 = Release|Any CPU
		{6221717A-0950-41D7-9649-AE0CB1E24300}.Release|x64.ActiveCfg = Release|Any CPU
		{6221717A-0950-41D7-9649-AE0CB1E24300}.Release|x64.Build.0 = Release|Any CPU
		{6221717A-0950-41D7-9649-AE0CB1E24300}.Release|x86.ActiveCfg = Release|Any CPU
		{6221717A-0950-41D7-9649-AE0CB1E24300}.Release|x86.Build.0 = Release|Any CPU
		{A755829E-CD04-47C0-B846-90B4E5BA9A56}.Debug|Any CPU.ActiveCfg = Debug|Any CPU
		{A755829E-CD04-47C0-B846-90B4E5BA9A56}.Debug|Any CPU.Build.0 = Debug|Any CPU
		{A755829E-CD04-47C0-B846-90B4E5BA9A56}.Debug|x64.ActiveCfg = Debug|Any CPU
		{A755829E-CD04-47C0-B846-90B4E5BA9A56}.Debug|x64.Build.0 = Debug|Any CPU
		{A755829E-CD04-47C0-B846-90B4E5BA9A56}.Debug|x86.ActiveCfg = Debug|Any CPU
		{A755829E-CD04-47C0-B846-90B4E5BA9A56}.Debug|x86.Build.0 = Debug|Any CPU
		{A755829E-CD04-47C0-B846-90B4E5BA9A56}.Release|Any CPU.ActiveCfg = Release|Any CPU
		{A755829E-CD04-47C0-B846-90B4E5BA9A56}.Release|Any CPU.Build.0 = Release|Any CPU
		{A755829E-CD04-47C0-B846-90B4E5BA9A56}.Release|x64.ActiveCfg = Release|Any CPU
		{A755829E-CD04-47C0-B846-90B4E5BA9A56}.Release|x64.Build.0 = Release|Any CPU
		{A755829E-CD04-47C0-B846-90B4E5BA9A56}.Release|x86.ActiveCfg = Release|Any CPU
		{A755829E-CD04-47C0-B846-90B4E5BA9A56}.Release|x86.Build.0 = Release|Any CPU
		{AA3CE652-9CE9-4EAF-B0B5-CFEC43BF9A53}.Debug|Any CPU.ActiveCfg = Debug|Any CPU
		{AA3CE652-9CE9-4EAF-B0B5-CFEC43BF9A53}.Debug|Any CPU.Build.0 = Debug|Any CPU
		{AA3CE652-9CE9-4EAF-B0B5-CFEC43BF9A53}.Debug|x64.ActiveCfg = Debug|Any CPU
		{AA3CE652-9CE9-4EAF-B0B5-CFEC43BF9A53}.Debug|x64.Build.0 = Debug|Any CPU
		{AA3CE652-9CE9-4EAF-B0B5-CFEC43BF9A53}.Debug|x86.ActiveCfg = Debug|Any CPU
		{AA3CE652-9CE9-4EAF-B0B5-CFEC43BF9A53}.Debug|x86.Build.0 = Debug|Any CPU
		{AA3CE652-9CE9-4EAF-B0B5-CFEC43BF9A53}.Release|Any CPU.ActiveCfg = Release|Any CPU
		{AA3CE652-9CE9-4EAF-B0B5-CFEC43BF9A53}.Release|Any CPU.Build.0 = Release|Any CPU
		{AA3CE652-9CE9-4EAF-B0B5-CFEC43BF9A53}.Release|x64.ActiveCfg = Release|Any CPU
		{AA3CE652-9CE9-4EAF-B0B5-CFEC43BF9A53}.Release|x64.Build.0 = Release|Any CPU
		{AA3CE652-9CE9-4EAF-B0B5-CFEC43BF9A53}.Release|x86.ActiveCfg = Release|Any CPU
		{AA3CE652-9CE9-4EAF-B0B5-CFEC43BF9A53}.Release|x86.Build.0 = Release|Any CPU
	EndGlobalSection
EndGlobal
