
Microsoft Visual Studio Solution File, Format Version 12.00
# Visual Studio 15
VisualStudioVersion = 15.0.26124.0
MinimumVisualStudioVersion = 15.0.26124.0
Project("{F2A71F9B-5D33-465A-A702-920D77279786}") = "day01", "01\day01.fsproj", "{487AE866-F0A0-4A10-BB77-E1CBE6922113}"
EndProject
Project("{F2A71F9B-5D33-465A-A702-920D77279786}") = "day02", "02\day02.fsproj", "{DC7A2A6E-08E9-4410-A91E-51806A65B537}"
EndProject
Project("{F2A71F9B-5D33-465A-A702-920D77279786}") = "day03", "03\day03.fsproj", "{3A31D80E-56AF-490F-B407-28B783D5EBE3}"
EndProject
Project("{F2A71F9B-5D33-465A-A702-920D77279786}") = "day04", "04\day04.fsproj", "{6221717A-0950-41D7-9649-AE0CB1E24300}"
EndProject
Project("{F2A71F9B-5D33-465A-A702-920D77279786}") = "day05", "05\day05.fsproj", "{A755829E-CD04-47C0-B846-90B4E5BA9A56}"
EndProject
Project("{F2A71F9B-5D33-465A-A702-920D77279786}") = "day06", "06\day06.fsproj", "{AA3CE652-9CE9-4EAF-B0B5-CFEC43BF9A53}"
EndProject
Project("{F2A71F9B-5D33-465A-A702-920D77279786}") = "day07", "07\day07.fsproj", "{7B8B55C8-AB05-4A68-9963-BEB4AF848424}"
EndProject
Project("{F2A71F9B-5D33-465A-A702-920D77279786}") = "day08", "08\day08.fsproj", "{53C7E876-7445-47ED-8A11-2117897B8234}"
EndProject
Project("{F2A71F9B-5D33-465A-A702-920D77279786}") = "day09", "09\day09.fsproj", "{951F2098-FC32-4867-B6D7-2AFD46ECBDC7}"
EndProject
Project("{F2A71F9B-5D33-465A-A702-920D77279786}") = "day10", "10\day10.fsproj", "{6E0FC2D8-5643-493E-B8C7-17281E8005B8}"
EndProject
Project("{F2A71F9B-5D33-465A-A702-920D77279786}") = "day11", "11\day11.fsproj", "{28805197-14D6-4B33-A822-1C00A62883BF}"
EndProject
Project("{F2A71F9B-5D33-465A-A702-920D77279786}") = "day12", "12\day12.fsproj", "{E067CE3A-7B13-4610-9098-0BD2D37F3ECE}"
EndProject
Project("{F2A71F9B-5D33-465A-A702-920D77279786}") = "day13", "13\day13.fsproj", "{E0312451-0091-4AF3-A484-CF77156D5AD6}"
EndProject
Project("{F2A71F9B-5D33-465A-A702-920D77279786}") = "day14", "14\day14.fsproj", "{A220C527-AF72-42B7-80CC-98591746901C}"
EndProject
Project("{F2A71F9B-5D33-465A-A702-920D77279786}") = "day15", "15\day15.fsproj", "{341F74CD-C53B-4834-B0E8-8A90A5A7DCBE}"
EndProject
Project("{F2A71F9B-5D33-465A-A702-920D77279786}") = "day16", "16\day16.fsproj", "{54EBCF1E-359B-48EE-AF34-077EF37E3326}"
EndProject
Global
	GlobalSection(SolutionConfigurationPlatforms) = preSolution
		Debug|Any CPU = Debug|Any CPU
		Debug|x64 = Debug|x64
		Debug|x86 = Debug|x86
		Release|Any CPU = Release|Any CPU
		Release|x64 = Release|x64
		Release|x86 = Release|x86
	EndGlobalSection
	GlobalSection(SolutionProperties) = preSolution
		HideSolutionNode = FALSE
	EndGlobalSection
	GlobalSection(ProjectConfigurationPlatforms) = postSolution
		{487AE866-F0A0-4A10-BB77-E1CBE6922113}.Debug|Any CPU.ActiveCfg = Debug|Any CPU
		{487AE866-F0A0-4A10-BB77-E1CBE6922113}.Debug|Any CPU.Build.0 = Debug|Any CPU
		{487AE866-F0A0-4A10-BB77-E1CBE6922113}.Debug|x64.ActiveCfg = Debug|Any CPU
		{487AE866-F0A0-4A10-BB77-E1CBE6922113}.Debug|x64.Build.0 = Debug|Any CPU
		{487AE866-F0A0-4A10-BB77-E1CBE6922113}.Debug|x86.ActiveCfg = Debug|Any CPU
		{487AE866-F0A0-4A10-BB77-E1CBE6922113}.Debug|x86.Build.0 = Debug|Any CPU
		{487AE866-F0A0-4A10-BB77-E1CBE6922113}.Release|Any CPU.ActiveCfg = Release|Any CPU
		{487AE866-F0A0-4A10-BB77-E1CBE6922113}.Release|Any CPU.Build.0 = Release|Any CPU
		{487AE866-F0A0-4A10-BB77-E1CBE6922113}.Release|x64.ActiveCfg = Release|Any CPU
		{487AE866-F0A0-4A10-BB77-E1CBE6922113}.Release|x64.Build.0 = Release|Any CPU
		{487AE866-F0A0-4A10-BB77-E1CBE6922113}.Release|x86.ActiveCfg = Release|Any CPU
		{487AE866-F0A0-4A10-BB77-E1CBE6922113}.Release|x86.Build.0 = Release|Any CPU
		{DC7A2A6E-08E9-4410-A91E-51806A65B537}.Debug|Any CPU.ActiveCfg = Debug|Any CPU
		{DC7A2A6E-08E9-4410-A91E-51806A65B537}.Debug|Any CPU.Build.0 = Debug|Any CPU
		{DC7A2A6E-08E9-4410-A91E-51806A65B537}.Debug|x64.ActiveCfg = Debug|Any CPU
		{DC7A2A6E-08E9-4410-A91E-51806A65B537}.Debug|x64.Build.0 = Debug|Any CPU
		{DC7A2A6E-08E9-4410-A91E-51806A65B537}.Debug|x86.ActiveCfg = Debug|Any CPU
		{DC7A2A6E-08E9-4410-A91E-51806A65B537}.Debug|x86.Build.0 = Debug|Any CPU
		{DC7A2A6E-08E9-4410-A91E-51806A65B537}.Release|Any CPU.ActiveCfg = Release|Any CPU
		{DC7A2A6E-08E9-4410-A91E-51806A65B537}.Release|Any CPU.Build.0 = Release|Any CPU
		{DC7A2A6E-08E9-4410-A91E-51806A65B537}.Release|x64.ActiveCfg = Release|Any CPU
		{DC7A2A6E-08E9-4410-A91E-51806A65B537}.Release|x64.Build.0 = Release|Any CPU
		{DC7A2A6E-08E9-4410-A91E-51806A65B537}.Release|x86.ActiveCfg = Release|Any CPU
		{DC7A2A6E-08E9-4410-A91E-51806A65B537}.Release|x86.Build.0 = Release|Any CPU
		{3A31D80E-56AF-490F-B407-28B783D5EBE3}.Debug|Any CPU.ActiveCfg = Debug|Any CPU
		{3A31D80E-56AF-490F-B407-28B783D5EBE3}.Debug|Any CPU.Build.0 = Debug|Any CPU
		{3A31D80E-56AF-490F-B407-28B783D5EBE3}.Debug|x64.ActiveCfg = Debug|Any CPU
		{3A31D80E-56AF-490F-B407-28B783D5EBE3}.Debug|x64.Build.0 = Debug|Any CPU
		{3A31D80E-56AF-490F-B407-28B783D5EBE3}.Debug|x86.ActiveCfg = Debug|Any CPU
		{3A31D80E-56AF-490F-B407-28B783D5EBE3}.Debug|x86.Build.0 = Debug|Any CPU
		{3A31D80E-56AF-490F-B407-28B783D5EBE3}.Release|Any CPU.ActiveCfg = Release|Any CPU
		{3A31D80E-56AF-490F-B407-28B783D5EBE3}.Release|Any CPU.Build.0 = Release|Any CPU
		{3A31D80E-56AF-490F-B407-28B783D5EBE3}.Release|x64.ActiveCfg = Release|Any CPU
		{3A31D80E-56AF-490F-B407-28B783D5EBE3}.Release|x64.Build.0 = Release|Any CPU
		{3A31D80E-56AF-490F-B407-28B783D5EBE3}.Release|x86.ActiveCfg = Release|Any CPU
		{3A31D80E-56AF-490F-B407-28B783D5EBE3}.Release|x86.Build.0 = Release|Any CPU
		{6221717A-0950-41D7-9649-AE0CB1E24300}.Debug|Any CPU.ActiveCfg = Debug|Any CPU
		{6221717A-0950-41D7-9649-AE0CB1E24300}.Debug|Any CPU.Build.0 = Debug|Any CPU
		{6221717A-0950-41D7-9649-AE0CB1E24300}.Debug|x64.ActiveCfg = Debug|Any CPU
		{6221717A-0950-41D7-9649-AE0CB1E24300}.Debug|x64.Build.0 = Debug|Any CPU
		{6221717A-0950-41D7-9649-AE0CB1E24300}.Debug|x86.ActiveCfg = Debug|Any CPU
		{6221717A-0950-41D7-9649-AE0CB1E24300}.Debug|x86.Build.0 = Debug|Any CPU
		{6221717A-0950-41D7-9649-AE0CB1E24300}.Release|Any CPU.ActiveCfg = Release|Any CPU
		{6221717A-0950-41D7-9649-AE0CB1E24300}.Release|Any CPU.Build.0 = Release|Any CPU
		{6221717A-0950-41D7-9649-AE0CB1E24300}.Release|x64.ActiveCfg = Release|Any CPU
		{6221717A-0950-41D7-9649-AE0CB1E24300}.Release|x64.Build.0 = Release|Any CPU
		{6221717A-0950-41D7-9649-AE0CB1E24300}.Release|x86.ActiveCfg = Release|Any CPU
		{6221717A-0950-41D7-9649-AE0CB1E24300}.Release|x86.Build.0 = Release|Any CPU
		{A755829E-CD04-47C0-B846-90B4E5BA9A56}.Debug|Any CPU.ActiveCfg = Debug|Any CPU
		{A755829E-CD04-47C0-B846-90B4E5BA9A56}.Debug|Any CPU.Build.0 = Debug|Any CPU
		{A755829E-CD04-47C0-B846-90B4E5BA9A56}.Debug|x64.ActiveCfg = Debug|Any CPU
		{A755829E-CD04-47C0-B846-90B4E5BA9A56}.Debug|x64.Build.0 = Debug|Any CPU
		{A755829E-CD04-47C0-B846-90B4E5BA9A56}.Debug|x86.ActiveCfg = Debug|Any CPU
		{A755829E-CD04-47C0-B846-90B4E5BA9A56}.Debug|x86.Build.0 = Debug|Any CPU
		{A755829E-CD04-47C0-B846-90B4E5BA9A56}.Release|Any CPU.ActiveCfg = Release|Any CPU
		{A755829E-CD04-47C0-B846-90B4E5BA9A56}.Release|Any CPU.Build.0 = Release|Any CPU
		{A755829E-CD04-47C0-B846-90B4E5BA9A56}.Release|x64.ActiveCfg = Release|Any CPU
		{A755829E-CD04-47C0-B846-90B4E5BA9A56}.Release|x64.Build.0 = Release|Any CPU
		{A755829E-CD04-47C0-B846-90B4E5BA9A56}.Release|x86.ActiveCfg = Release|Any CPU
		{A755829E-CD04-47C0-B846-90B4E5BA9A56}.Release|x86.Build.0 = Release|Any CPU
		{AA3CE652-9CE9-4EAF-B0B5-CFEC43BF9A53}.Debug|Any CPU.ActiveCfg = Debug|Any CPU
		{AA3CE652-9CE9-4EAF-B0B5-CFEC43BF9A53}.Debug|Any CPU.Build.0 = Debug|Any CPU
		{AA3CE652-9CE9-4EAF-B0B5-CFEC43BF9A53}.Debug|x64.ActiveCfg = Debug|Any CPU
		{AA3CE652-9CE9-4EAF-B0B5-CFEC43BF9A53}.Debug|x64.Build.0 = Debug|Any CPU
		{AA3CE652-9CE9-4EAF-B0B5-CFEC43BF9A53}.Debug|x86.ActiveCfg = Debug|Any CPU
		{AA3CE652-9CE9-4EAF-B0B5-CFEC43BF9A53}.Debug|x86.Build.0 = Debug|Any CPU
		{AA3CE652-9CE9-4EAF-B0B5-CFEC43BF9A53}.Release|Any CPU.ActiveCfg = Release|Any CPU
		{AA3CE652-9CE9-4EAF-B0B5-CFEC43BF9A53}.Release|Any CPU.Build.0 = Release|Any CPU
		{AA3CE652-9CE9-4EAF-B0B5-CFEC43BF9A53}.Release|x64.ActiveCfg = Release|Any CPU
		{AA3CE652-9CE9-4EAF-B0B5-CFEC43BF9A53}.Release|x64.Build.0 = Release|Any CPU
		{AA3CE652-9CE9-4EAF-B0B5-CFEC43BF9A53}.Release|x86.ActiveCfg = Release|Any CPU
		{AA3CE652-9CE9-4EAF-B0B5-CFEC43BF9A53}.Release|x86.Build.0 = Release|Any CPU
		{7B8B55C8-AB05-4A68-9963-BEB4AF848424}.Debug|Any CPU.ActiveCfg = Debug|Any CPU
		{7B8B55C8-AB05-4A68-9963-BEB4AF848424}.Debug|Any CPU.Build.0 = Debug|Any CPU
		{7B8B55C8-AB05-4A68-9963-BEB4AF848424}.Debug|x64.ActiveCfg = Debug|Any CPU
		{7B8B55C8-AB05-4A68-9963-BEB4AF848424}.Debug|x64.Build.0 = Debug|Any CPU
		{7B8B55C8-AB05-4A68-9963-BEB4AF848424}.Debug|x86.ActiveCfg = Debug|Any CPU
		{7B8B55C8-AB05-4A68-9963-BEB4AF848424}.Debug|x86.Build.0 = Debug|Any CPU
		{7B8B55C8-AB05-4A68-9963-BEB4AF848424}.Release|Any CPU.ActiveCfg = Release|Any CPU
		{7B8B55C8-AB05-4A68-9963-BEB4AF848424}.Release|Any CPU.Build.0 = Release|Any CPU
		{7B8B55C8-AB05-4A68-9963-BEB4AF848424}.Release|x64.ActiveCfg = Release|Any CPU
		{7B8B55C8-AB05-4A68-9963-BEB4AF848424}.Release|x64.Build.0 = Release|Any CPU
		{7B8B55C8-AB05-4A68-9963-BEB4AF848424}.Release|x86.ActiveCfg = Release|Any CPU
		{7B8B55C8-AB05-4A68-9963-BEB4AF848424}.Release|x86.Build.0 = Release|Any CPU
		{53C7E876-7445-47ED-8A11-2117897B8234}.Debug|Any CPU.ActiveCfg = Debug|Any CPU
		{53C7E876-7445-47ED-8A11-2117897B8234}.Debug|Any CPU.Build.0 = Debug|Any CPU
		{53C7E876-7445-47ED-8A11-2117897B8234}.Debug|x64.ActiveCfg = Debug|Any CPU
		{53C7E876-7445-47ED-8A11-2117897B8234}.Debug|x64.Build.0 = Debug|Any CPU
		{53C7E876-7445-47ED-8A11-2117897B8234}.Debug|x86.ActiveCfg = Debug|Any CPU
		{53C7E876-7445-47ED-8A11-2117897B8234}.Debug|x86.Build.0 = Debug|Any CPU
		{53C7E876-7445-47ED-8A11-2117897B8234}.Release|Any CPU.ActiveCfg = Release|Any CPU
		{53C7E876-7445-47ED-8A11-2117897B8234}.Release|Any CPU.Build.0 = Release|Any CPU
		{53C7E876-7445-47ED-8A11-2117897B8234}.Release|x64.ActiveCfg = Release|Any CPU
		{53C7E876-7445-47ED-8A11-2117897B8234}.Release|x64.Build.0 = Release|Any CPU
		{53C7E876-7445-47ED-8A11-2117897B8234}.Release|x86.ActiveCfg = Release|Any CPU
		{53C7E876-7445-47ED-8A11-2117897B8234}.Release|x86.Build.0 = Release|Any CPU
		{951F2098-FC32-4867-B6D7-2AFD46ECBDC7}.Debug|Any CPU.ActiveCfg = Debug|Any CPU
		{951F2098-FC32-4867-B6D7-2AFD46ECBDC7}.Debug|Any CPU.Build.0 = Debug|Any CPU
		{951F2098-FC32-4867-B6D7-2AFD46ECBDC7}.Debug|x64.ActiveCfg = Debug|Any CPU
		{951F2098-FC32-4867-B6D7-2AFD46ECBDC7}.Debug|x64.Build.0 = Debug|Any CPU
		{951F2098-FC32-4867-B6D7-2AFD46ECBDC7}.Debug|x86.ActiveCfg = Debug|Any CPU
		{951F2098-FC32-4867-B6D7-2AFD46ECBDC7}.Debug|x86.Build.0 = Debug|Any CPU
		{951F2098-FC32-4867-B6D7-2AFD46ECBDC7}.Release|Any CPU.ActiveCfg = Release|Any CPU
		{951F2098-FC32-4867-B6D7-2AFD46ECBDC7}.Release|Any CPU.Build.0 = Release|Any CPU
		{951F2098-FC32-4867-B6D7-2AFD46ECBDC7}.Release|x64.ActiveCfg = Release|Any CPU
		{951F2098-FC32-4867-B6D7-2AFD46ECBDC7}.Release|x64.Build.0 = Release|Any CPU
		{951F2098-FC32-4867-B6D7-2AFD46ECBDC7}.Release|x86.ActiveCfg = Release|Any CPU
		{951F2098-FC32-4867-B6D7-2AFD46ECBDC7}.Release|x86.Build.0 = Release|Any CPU
		{6E0FC2D8-5643-493E-B8C7-17281E8005B8}.Debug|Any CPU.ActiveCfg = Debug|Any CPU
		{6E0FC2D8-5643-493E-B8C7-17281E8005B8}.Debug|Any CPU.Build.0 = Debug|Any CPU
		{6E0FC2D8-5643-493E-B8C7-17281E8005B8}.Debug|x64.ActiveCfg = Debug|Any CPU
		{6E0FC2D8-5643-493E-B8C7-17281E8005B8}.Debug|x64.Build.0 = Debug|Any CPU
		{6E0FC2D8-5643-493E-B8C7-17281E8005B8}.Debug|x86.ActiveCfg = Debug|Any CPU
		{6E0FC2D8-5643-493E-B8C7-17281E8005B8}.Debug|x86.Build.0 = Debug|Any CPU
		{6E0FC2D8-5643-493E-B8C7-17281E8005B8}.Release|Any CPU.ActiveCfg = Release|Any CPU
		{6E0FC2D8-5643-493E-B8C7-17281E8005B8}.Release|Any CPU.Build.0 = Release|Any CPU
		{6E0FC2D8-5643-493E-B8C7-17281E8005B8}.Release|x64.ActiveCfg = Release|Any CPU
		{6E0FC2D8-5643-493E-B8C7-17281E8005B8}.Release|x64.Build.0 = Release|Any CPU
		{6E0FC2D8-5643-493E-B8C7-17281E8005B8}.Release|x86.ActiveCfg = Release|Any CPU
		{6E0FC2D8-5643-493E-B8C7-17281E8005B8}.Release|x86.Build.0 = Release|Any CPU
		{28805197-14D6-4B33-A822-1C00A62883BF}.Debug|Any CPU.ActiveCfg = Debug|Any CPU
		{28805197-14D6-4B33-A822-1C00A62883BF}.Debug|Any CPU.Build.0 = Debug|Any CPU
		{28805197-14D6-4B33-A822-1C00A62883BF}.Debug|x64.ActiveCfg = Debug|Any CPU
		{28805197-14D6-4B33-A822-1C00A62883BF}.Debug|x64.Build.0 = Debug|Any CPU
		{28805197-14D6-4B33-A822-1C00A62883BF}.Debug|x86.ActiveCfg = Debug|Any CPU
		{28805197-14D6-4B33-A822-1C00A62883BF}.Debug|x86.Build.0 = Debug|Any CPU
		{28805197-14D6-4B33-A822-1C00A62883BF}.Release|Any CPU.ActiveCfg = Release|Any CPU
		{28805197-14D6-4B33-A822-1C00A62883BF}.Release|Any CPU.Build.0 = Release|Any CPU
		{28805197-14D6-4B33-A822-1C00A62883BF}.Release|x64.ActiveCfg = Release|Any CPU
		{28805197-14D6-4B33-A822-1C00A62883BF}.Release|x64.Build.0 = Release|Any CPU
		{28805197-14D6-4B33-A822-1C00A62883BF}.Release|x86.ActiveCfg = Release|Any CPU
		{28805197-14D6-4B33-A822-1C00A62883BF}.Release|x86.Build.0 = Release|Any CPU
		{E067CE3A-7B13-4610-9098-0BD2D37F3ECE}.Debug|Any CPU.ActiveCfg = Debug|Any CPU
		{E067CE3A-7B13-4610-9098-0BD2D37F3ECE}.Debug|Any CPU.Build.0 = Debug|Any CPU
		{E067CE3A-7B13-4610-9098-0BD2D37F3ECE}.Debug|x64.ActiveCfg = Debug|Any CPU
		{E067CE3A-7B13-4610-9098-0BD2D37F3ECE}.Debug|x64.Build.0 = Debug|Any CPU
		{E067CE3A-7B13-4610-9098-0BD2D37F3ECE}.Debug|x86.ActiveCfg = Debug|Any CPU
		{E067CE3A-7B13-4610-9098-0BD2D37F3ECE}.Debug|x86.Build.0 = Debug|Any CPU
		{E067CE3A-7B13-4610-9098-0BD2D37F3ECE}.Release|Any CPU.ActiveCfg = Release|Any CPU
		{E067CE3A-7B13-4610-9098-0BD2D37F3ECE}.Release|Any CPU.Build.0 = Release|Any CPU
		{E067CE3A-7B13-4610-9098-0BD2D37F3ECE}.Release|x64.ActiveCfg = Release|Any CPU
		{E067CE3A-7B13-4610-9098-0BD2D37F3ECE}.Release|x64.Build.0 = Release|Any CPU
		{E067CE3A-7B13-4610-9098-0BD2D37F3ECE}.Release|x86.ActiveCfg = Release|Any CPU
		{E067CE3A-7B13-4610-9098-0BD2D37F3ECE}.Release|x86.Build.0 = Release|Any CPU
		{E0312451-0091-4AF3-A484-CF77156D5AD6}.Debug|Any CPU.ActiveCfg = Debug|Any CPU
		{E0312451-0091-4AF3-A484-CF77156D5AD6}.Debug|Any CPU.Build.0 = Debug|Any CPU
		{E0312451-0091-4AF3-A484-CF77156D5AD6}.Debug|x64.ActiveCfg = Debug|Any CPU
		{E0312451-0091-4AF3-A484-CF77156D5AD6}.Debug|x64.Build.0 = Debug|Any CPU
		{E0312451-0091-4AF3-A484-CF77156D5AD6}.Debug|x86.ActiveCfg = Debug|Any CPU
		{E0312451-0091-4AF3-A484-CF77156D5AD6}.Debug|x86.Build.0 = Debug|Any CPU
		{E0312451-0091-4AF3-A484-CF77156D5AD6}.Release|Any CPU.ActiveCfg = Release|Any CPU
		{E0312451-0091-4AF3-A484-CF77156D5AD6}.Release|Any CPU.Build.0 = Release|Any CPU
		{E0312451-0091-4AF3-A484-CF77156D5AD6}.Release|x64.ActiveCfg = Release|Any CPU
		{E0312451-0091-4AF3-A484-CF77156D5AD6}.Release|x64.Build.0 = Release|Any CPU
		{E0312451-0091-4AF3-A484-CF77156D5AD6}.Release|x86.ActiveCfg = Release|Any CPU
		{E0312451-0091-4AF3-A484-CF77156D5AD6}.Release|x86.Build.0 = Release|Any CPU
		{A220C527-AF72-42B7-80CC-98591746901C}.Debug|Any CPU.ActiveCfg = Debug|Any CPU
		{A220C527-AF72-42B7-80CC-98591746901C}.Debug|Any CPU.Build.0 = Debug|Any CPU
		{A220C527-AF72-42B7-80CC-98591746901C}.Debug|x64.ActiveCfg = Debug|Any CPU
		{A220C527-AF72-42B7-80CC-98591746901C}.Debug|x64.Build.0 = Debug|Any CPU
		{A220C527-AF72-42B7-80CC-98591746901C}.Debug|x86.ActiveCfg = Debug|Any CPU
		{A220C527-AF72-42B7-80CC-98591746901C}.Debug|x86.Build.0 = Debug|Any CPU
		{A220C527-AF72-42B7-80CC-98591746901C}.Release|Any CPU.ActiveCfg = Release|Any CPU
		{A220C527-AF72-42B7-80CC-98591746901C}.Release|Any CPU.Build.0 = Release|Any CPU
		{A220C527-AF72-42B7-80CC-98591746901C}.Release|x64.ActiveCfg = Release|Any CPU
		{A220C527-AF72-42B7-80CC-98591746901C}.Release|x64.Build.0 = Release|Any CPU
		{A220C527-AF72-42B7-80CC-98591746901C}.Release|x86.ActiveCfg = Release|Any CPU
		{A220C527-AF72-42B7-80CC-98591746901C}.Release|x86.Build.0 = Release|Any CPU
		{341F74CD-C53B-4834-B0E8-8A90A5A7DCBE}.Debug|Any CPU.ActiveCfg = Debug|Any CPU
		{341F74CD-C53B-4834-B0E8-8A90A5A7DCBE}.Debug|Any CPU.Build.0 = Debug|Any CPU
		{341F74CD-C53B-4834-B0E8-8A90A5A7DCBE}.Debug|x64.ActiveCfg = Debug|Any CPU
		{341F74CD-C53B-4834-B0E8-8A90A5A7DCBE}.Debug|x64.Build.0 = Debug|Any CPU
		{341F74CD-C53B-4834-B0E8-8A90A5A7DCBE}.Debug|x86.ActiveCfg = Debug|Any CPU
		{341F74CD-C53B-4834-B0E8-8A90A5A7DCBE}.Debug|x86.Build.0 = Debug|Any CPU
		{341F74CD-C53B-4834-B0E8-8A90A5A7DCBE}.Release|Any CPU.ActiveCfg = Release|Any CPU
		{341F74CD-C53B-4834-B0E8-8A90A5A7DCBE}.Release|Any CPU.Build.0 = Release|Any CPU
		{341F74CD-C53B-4834-B0E8-8A90A5A7DCBE}.Release|x64.ActiveCfg = Release|Any CPU
		{341F74CD-C53B-4834-B0E8-8A90A5A7DCBE}.Release|x64.Build.0 = Release|Any CPU
		{341F74CD-C53B-4834-B0E8-8A90A5A7DCBE}.Release|x86.ActiveCfg = Release|Any CPU
		{341F74CD-C53B-4834-B0E8-8A90A5A7DCBE}.Release|x86.Build.0 = Release|Any CPU
		{54EBCF1E-359B-48EE-AF34-077EF37E3326}.Debug|Any CPU.ActiveCfg = Debug|Any CPU
		{54EBCF1E-359B-48EE-AF34-077EF37E3326}.Debug|Any CPU.Build.0 = Debug|Any CPU
		{54EBCF1E-359B-48EE-AF34-077EF37E3326}.Debug|x64.ActiveCfg = Debug|Any CPU
		{54EBCF1E-359B-48EE-AF34-077EF37E3326}.Debug|x64.Build.0 = Debug|Any CPU
		{54EBCF1E-359B-48EE-AF34-077EF37E3326}.Debug|x86.ActiveCfg = Debug|Any CPU
		{54EBCF1E-359B-48EE-AF34-077EF37E3326}.Debug|x86.Build.0 = Debug|Any CPU
		{54EBCF1E-359B-48EE-AF34-077EF37E3326}.Release|Any CPU.ActiveCfg = Release|Any CPU
		{54EBCF1E-359B-48EE-AF34-077EF37E3326}.Release|Any CPU.Build.0 = Release|Any CPU
		{54EBCF1E-359B-48EE-AF34-077EF37E3326}.Release|x64.ActiveCfg = Release|Any CPU
		{54EBCF1E-359B-48EE-AF34-077EF37E3326}.Release|x64.Build.0 = Release|Any CPU
		{54EBCF1E-359B-48EE-AF34-077EF37E3326}.Release|x86.ActiveCfg = Release|Any CPU
		{54EBCF1E-359B-48EE-AF34-077EF37E3326}.Release|x86.Build.0 = Release|Any CPU
	EndGlobalSection
EndGlobal
